PODS:
  - libColorPicker (0.1.0)
  - libDrawboard (1.0.0):
    - Masonry
    - SDWebImage
  - libPhotoPicker (0.1.0):
    - Masonry
    - SDWebImage
  - Masonry (1.1.0)
  - MBProgressHUD (1.1.0)
  - SDWebImage (5.0.1):
    - SDWebImage/Core (= 5.0.1)
  - SDWebImage/Core (5.0.1)

DEPENDENCIES:
  - libColorPicker (from `https://gitlab.com/luo-wei/libcolorpicker.git`, branch `master`)
  - libDrawboard (from `../`)
  - libPhotoPicker (from `https://gitlab.com/luo-wei/libphotopicker.git`, branch `master`)
  - Masonry
  - MBProgressHUD

SPEC REPOS:
  https://github.com/CocoaPods/Specs.git:
    - Masonry
    - MBProgressHUD
    - SDWebImage

EXTERNAL SOURCES:
  libColorPicker:
    :branch: master
    :git: https://gitlab.com/luo-wei/libcolorpicker.git
  libDrawboard:
    :path: "../"
  libPhotoPicker:
    :branch: master
    :git: https://gitlab.com/luo-wei/libphotopicker.git

CHECKOUT OPTIONS:
  libColorPicker:
    :commit: 4da500fe1fed8452c63dd38c0c54e364100e868e
    :git: https://gitlab.com/luo-wei/libcolorpicker.git
  libPhotoPicker:
    :commit: 62a1babdf8fad1a8c5d7928e67bf71a8ccac2fda
    :git: https://gitlab.com/luo-wei/libphotopicker.git

SPEC CHECKSUMS:
  libColorPicker: 6951a7035a39585d20f8d79da1dab446136ceb1f
  libDrawboard: fce827aa0b378690f755e32d567ab815a246b26c
  libPhotoPicker: c3fadddbdad40b323bbb8d59d18632470746027e
  Masonry: 678fab65091a9290e40e2832a55e7ab731aad201
  MBProgressHUD: e7baa36a220447d8aeb12769bf0585582f3866d9
  SDWebImage: 27dd2c9ea07a2252f94557c9fbb6105ee94b74c9

PODFILE CHECKSUM: 00669536e283693f0a99a20d5c964bd7950cca5b

COCOAPODS: 1.8.4
