PODS:
  - libColorPicker (0.1.0)
  - libPhotoPicker (0.1.0):
    - Masonry
    - SDWebImage
  - LWDrawboard (1.0.0):
    - Masonry
    - SDWebImage
  - Masonry (1.1.0)
  - MBProgressHUD (1.1.0)
  - SDWebImage (5.4.0):
    - SDWebImage/Core (= 5.4.0)
  - SDWebImage/Core (5.4.0)

DEPENDENCIES:
  - libColorPicker (from `../../libColorPicker`)
  - libPhotoPicker (from `../../libPhotoPicker`)
  - LWDrawboard (from `../`)
  - Masonry
  - MBProgressHUD

SPEC REPOS:
  https://github.com/CocoaPods/Specs.git:
    - Masonry
    - MBProgressHUD
  trunk:
    - SDWebImage

EXTERNAL SOURCES:
  libColorPicker:
    :branch: master
    :path: "../../libColorPicker"
  libPhotoPicker:
    :branch: master
    :path: "../../libPhotoPicker"
  LWDrawboard:
    :path: "../"

SPEC CHECKSUMS:
  libColorPicker: 6951a7035a39585d20f8d79da1dab446136ceb1f
  libPhotoPicker: c3fadddbdad40b323bbb8d59d18632470746027e
  LWDrawboard: 54320781401cbc8b249465e73f65ecf112a0d082
  Masonry: 678fab65091a9290e40e2832a55e7ab731aad201
  MBProgressHUD: e7baa36a220447d8aeb12769bf0585582f3866d9
  SDWebImage: 5bf6aec6481ae2a062bdc59f9d6c1d1e552090e0

PODFILE CHECKSUM: 2938c1dc55d1331b8f24f0ada970e76361792836

COCOAPODS: 1.8.4
